
Microsoft Visual Studio Solution File, Format Version 12.00
# Visual Studio Version 17
VisualStudioVersion = 17.8.34511.84
MinimumVisualStudioVersion = 10.0.40219.1
Project("{FAE04EC0-301F-11D3-BF4B-00C04F79EFBC}") = "Program", "Program\Program.csproj", "{1F5AD228-6DF6-4B4F-9E5B-D81C71C3D50A}"
EndProject
Global
	GlobalSection(SolutionConfigurationPlatforms) = preSolution
		Debug|Any CPU = Debug|Any CPU
		Release|Any CPU = Release|Any CPU
	EndGlobalSection
	GlobalSection(ProjectConfigurationPlatforms) = postSolution
		{1F5AD228-6DF6-4B4F-9E5B-D81C71C3D50A}.Debug|Any CPU.ActiveCfg = Debug|Any CPU
		{1F5AD228-6DF6-4B4F-9E5B-D81C71C3D50A}.Debug|Any CPU.Build.0 = Debug|Any CPU
		{1F5AD228-6DF6-4B4F-9E5B-D81C71C3D50A}.Release|Any CPU.ActiveCfg = Release|Any CPU
		{1F5AD228-6DF6-4B4F-9E5B-D81C71C3D50A}.Release|Any CPU.Build.0 = Release|Any CPU
	EndGlobalSection
	GlobalSection(SolutionProperties) = preSolution
		HideSolutionNode = FALSE
	EndGlobalSection
	GlobalSection(ExtensibilityGlobals) = postSolution
		SolutionGuid = {6BAD27B3-6A20-4824-9F1C-EA021B2EFC02}
	EndGlobalSection
EndGlobal
